
Microsoft Visual Studio Solution File, Format Version 12.00
# Visual Studio 2013
VisualStudioVersion = 12.0.31101.0
MinimumVisualStudioVersion = 10.0.40219.1
Project("{FAE04EC0-301F-11D3-BF4B-00C04F79EFBC}") = "WordsProcessor", "WordsProcessor\WordsProcessor.csproj", "{6275F823-1336-44D8-8BAA-E38C768DA99F}"
EndProject
Project("{FAE04EC0-301F-11D3-BF4B-00C04F79EFBC}") = "WordsProcessor.Tests", "WordsProcessor.Tests\WordsProcessor.Tests.csproj", "{1A6B1A87-6A82-4414-98EF-45D6BB0F4F26}"
EndProject
Project("{FAE04EC0-301F-11D3-BF4B-00C04F79EFBC}") = "WordProcessor.Console", "WordProcessor.Console\WordProcessor.Console.csproj", "{7329486B-9CA0-408C-9D46-4BAB5B27AC8D}"
EndProject
Global
	GlobalSection(SolutionConfigurationPlatforms) = preSolution
		Debug|Any CPU = Debug|Any CPU
		Release|Any CPU = Release|Any CPU
	EndGlobalSection
	GlobalSection(ProjectConfigurationPlatforms) = postSolution
		{6275F823-1336-44D8-8BAA-E38C768DA99F}.Debug|Any CPU.ActiveCfg = Debug|Any CPU
		{6275F823-1336-44D8-8BAA-E38C768DA99F}.Debug|Any CPU.Build.0 = Debug|Any CPU
		{6275F823-1336-44D8-8BAA-E38C768DA99F}.Release|Any CPU.ActiveCfg = Release|Any CPU
		{6275F823-1336-44D8-8BAA-E38C768DA99F}.Release|Any CPU.Build.0 = Release|Any CPU
		{1A6B1A87-6A82-4414-98EF-45D6BB0F4F26}.Debug|Any CPU.ActiveCfg = Debug|Any CPU
		{1A6B1A87-6A82-4414-98EF-45D6BB0F4F26}.Debug|Any CPU.Build.0 = Debug|Any CPU
		{1A6B1A87-6A82-4414-98EF-45D6BB0F4F26}.Release|Any CPU.ActiveCfg = Release|Any CPU
		{1A6B1A87-6A82-4414-98EF-45D6BB0F4F26}.Release|Any CPU.Build.0 = Release|Any CPU
		{7329486B-9CA0-408C-9D46-4BAB5B27AC8D}.Debug|Any CPU.ActiveCfg = Debug|Any CPU
		{7329486B-9CA0-408C-9D46-4BAB5B27AC8D}.Debug|Any CPU.Build.0 = Debug|Any CPU
		{7329486B-9CA0-408C-9D46-4BAB5B27AC8D}.Release|Any CPU.ActiveCfg = Release|Any CPU
		{7329486B-9CA0-408C-9D46-4BAB5B27AC8D}.Release|Any CPU.Build.0 = Release|Any CPU
	EndGlobalSection
	GlobalSection(SolutionProperties) = preSolution
		HideSolutionNode = FALSE
	EndGlobalSection
EndGlobal
